
Microsoft Visual Studio Solution File, Format Version 12.00
# Visual Studio 15
VisualStudioVersion = 15.0.28307.1169
MinimumVisualStudioVersion = 10.0.40219.1
Project("{FAE04EC0-301F-11D3-BF4B-00C04F79EFBC}") = "ipcalc", "ipcalc\ipcalc.csproj", "{B473A588-1530-42FF-853F-5B0BBD725940}"
EndProject
Global
	GlobalSection(SolutionConfigurationPlatforms) = preSolution
		Debug|Any CPU = Debug|Any CPU
		Release|Any CPU = Release|Any CPU
	EndGlobalSection
	GlobalSection(ProjectConfigurationPlatforms) = postSolution
		{B473A588-1530-42FF-853F-5B0BBD725940}.Debug|Any CPU.ActiveCfg = Debug|Any CPU
		{B473A588-1530-42FF-853F-5B0BBD725940}.Debug|Any CPU.Build.0 = Debug|Any CPU
		{B473A588-1530-42FF-853F-5B0BBD725940}.Release|Any CPU.ActiveCfg = Release|Any CPU
		{B473A588-1530-42FF-853F-5B0BBD725940}.Release|Any CPU.Build.0 = Release|Any CPU
	EndGlobalSection
	GlobalSection(SolutionProperties) = preSolution
		HideSolutionNode = FALSE
	EndGlobalSection
	GlobalSection(ExtensibilityGlobals) = postSolution
		SolutionGuid = {2D16B6BB-CFB3-41AE-9864-45CE24BACBBC}
	EndGlobalSection
EndGlobal
